
Microsoft Visual Studio Solution File, Format Version 12.00
# Visual Studio Version 17
VisualStudioVersion = 17.7.34018.315
MinimumVisualStudioVersion = 10.0.40219.1
Project("{FAE04EC0-301F-11D3-BF4B-00C04F79EFBC}") = "TimbiricheService", "TimbiricheService.csproj", "{80D4A443-0DB6-49B2-A521-5D2386DD25BB}"
EndProject
Project("{FAE04EC0-301F-11D3-BF4B-00C04F79EFBC}") = "Host", "Host\Host.csproj", "{83F92A45-69A5-4F8B-A3AF-03D6D6571C64}"
EndProject
Project("{FAE04EC0-301F-11D3-BF4B-00C04F79EFBC}") = "DataAccessTimbiriche", "..\DataAccessTimbiriche\DataAccessTimbiriche.csproj", "{C3236226-0627-47EC-AFD4-A063EF760B40}"
EndProject
Global
	GlobalSection(SolutionConfigurationPlatforms) = preSolution
		Debug|Any CPU = Debug|Any CPU
		Release|Any CPU = Release|Any CPU
	EndGlobalSection
	GlobalSection(ProjectConfigurationPlatforms) = postSolution
		{80D4A443-0DB6-49B2-A521-5D2386DD25BB}.Debug|Any CPU.ActiveCfg = Debug|Any CPU
		{80D4A443-0DB6-49B2-A521-5D2386DD25BB}.Debug|Any CPU.Build.0 = Debug|Any CPU
		{80D4A443-0DB6-49B2-A521-5D2386DD25BB}.Release|Any CPU.ActiveCfg = Release|Any CPU
		{80D4A443-0DB6-49B2-A521-5D2386DD25BB}.Release|Any CPU.Build.0 = Release|Any CPU
		{83F92A45-69A5-4F8B-A3AF-03D6D6571C64}.Debug|Any CPU.ActiveCfg = Debug|Any CPU
		{83F92A45-69A5-4F8B-A3AF-03D6D6571C64}.Debug|Any CPU.Build.0 = Debug|Any CPU
		{83F92A45-69A5-4F8B-A3AF-03D6D6571C64}.Release|Any CPU.ActiveCfg = Release|Any CPU
		{83F92A45-69A5-4F8B-A3AF-03D6D6571C64}.Release|Any CPU.Build.0 = Release|Any CPU
		{C3236226-0627-47EC-AFD4-A063EF760B40}.Debug|Any CPU.ActiveCfg = Debug|Any CPU
		{C3236226-0627-47EC-AFD4-A063EF760B40}.Debug|Any CPU.Build.0 = Debug|Any CPU
		{C3236226-0627-47EC-AFD4-A063EF760B40}.Release|Any CPU.ActiveCfg = Release|Any CPU
		{C3236226-0627-47EC-AFD4-A063EF760B40}.Release|Any CPU.Build.0 = Release|Any CPU
	EndGlobalSection
	GlobalSection(SolutionProperties) = preSolution
		HideSolutionNode = FALSE
	EndGlobalSection
	GlobalSection(ExtensibilityGlobals) = postSolution
		SolutionGuid = {3D9005BC-442F-4F5A-822B-4C2F115C2E99}
	EndGlobalSection
EndGlobal
